// !$*UTF8*$!
{
	archiveVersion = 1;
	classes = {
	};
	objectVersion = 51;
	objects = {

/* Begin PBXBuildFile section */
		44AA69643BA1CF7575A4E5A3 /* Pods_Platform.framework in Frameworks */ = {isa = PBXBuildFile; fileRef = 93432B360B81D9F7A4A5A6FF /* Pods_Platform.framework */; };
		8DE773599A3AD8AEAA42A75F /* Pods_Domain.framework in Frameworks */ = {isa = PBXBuildFile; fileRef = B7B492A12A345971E403CAA6 /* Pods_Domain.framework */; };
		DBECD9B5314CC183960728F9 /* Pods_HelloWorld.framework in Frameworks */ = {isa = PBXBuildFile; fileRef = F98E64108E66F859F6F80F0C /* Pods_HelloWorld.framework */; };
		F81BCDBB23EA9FC8009891E5 /* AppDelegate.swift in Sources */ = {isa = PBXBuildFile; fileRef = F81BCDBA23EA9FC8009891E5 /* AppDelegate.swift */; };
		F81BCDC223EA9FC8009891E5 /* Main.storyboard in Resources */ = {isa = PBXBuildFile; fileRef = F81BCDC023EA9FC8009891E5 /* Main.storyboard */; };
		F81BCDC523EA9FC8009891E5 /* HelloWorld.xcdatamodeld in Sources */ = {isa = PBXBuildFile; fileRef = F81BCDC323EA9FC8009891E5 /* HelloWorld.xcdatamodeld */; };
		F81BCDC723EA9FC9009891E5 /* Assets.xcassets in Resources */ = {isa = PBXBuildFile; fileRef = F81BCDC623EA9FC9009891E5 /* Assets.xcassets */; };
		F81BCDCA23EA9FC9009891E5 /* LaunchScreen.storyboard in Resources */ = {isa = PBXBuildFile; fileRef = F81BCDC823EA9FC9009891E5 /* LaunchScreen.storyboard */; };
		F8CCBFD423F324C0008C1D16 /* CountryListViewController.swift in Sources */ = {isa = PBXBuildFile; fileRef = F8CCBFD323F324C0008C1D16 /* CountryListViewController.swift */; };
		F8CCBFD623F324CA008C1D16 /* CountryDetailViewController.swift in Sources */ = {isa = PBXBuildFile; fileRef = F8CCBFD523F324CA008C1D16 /* CountryDetailViewController.swift */; };
		F8CCBFD823F3250C008C1D16 /* CountryListViewModel.swift in Sources */ = {isa = PBXBuildFile; fileRef = F8CCBFD723F3250C008C1D16 /* CountryListViewModel.swift */; };
		F8CCBFDA23F32519008C1D16 /* CountryDetailViewModel.swift in Sources */ = {isa = PBXBuildFile; fileRef = F8CCBFD923F32519008C1D16 /* CountryDetailViewModel.swift */; };
		F8CCBFE023F380AE008C1D16 /* Observable+Ext.swift in Sources */ = {isa = PBXBuildFile; fileRef = F8CCBFDC23F380AD008C1D16 /* Observable+Ext.swift */; };
		F8CCBFE123F380AE008C1D16 /* ActivityIndicator.swift in Sources */ = {isa = PBXBuildFile; fileRef = F8CCBFDD23F380AD008C1D16 /* ActivityIndicator.swift */; };
		F8CCBFE223F380AE008C1D16 /* ErrorTracker.swift in Sources */ = {isa = PBXBuildFile; fileRef = F8CCBFDE23F380AD008C1D16 /* ErrorTracker.swift */; };
		F8CCBFE323F380AE008C1D16 /* Reusable.swift in Sources */ = {isa = PBXBuildFile; fileRef = F8CCBFDF23F380AE008C1D16 /* Reusable.swift */; };
		F8CCBFE523F381B3008C1D16 /* UIView.swift in Sources */ = {isa = PBXBuildFile; fileRef = F8CCBFE423F381B3008C1D16 /* UIView.swift */; };
		F8CCBFE723F385B1008C1D16 /* ListTableViewCell.swift in Sources */ = {isa = PBXBuildFile; fileRef = F8CCBFE623F385B1008C1D16 /* ListTableViewCell.swift */; };
		F8CCBFF123F3D76F008C1D16 /* Domain.h in Headers */ = {isa = PBXBuildFile; fileRef = F8CCBFEF23F3D76F008C1D16 /* Domain.h */; settings = {ATTRIBUTES = (Public, ); }; };
		F8CCBFF423F3D76F008C1D16 /* Domain.framework in Frameworks */ = {isa = PBXBuildFile; fileRef = F8CCBFED23F3D76F008C1D16 /* Domain.framework */; };
		F8CCBFF523F3D76F008C1D16 /* Domain.framework in Embed Frameworks */ = {isa = PBXBuildFile; fileRef = F8CCBFED23F3D76F008C1D16 /* Domain.framework */; settings = {ATTRIBUTES = (CodeSignOnCopy, RemoveHeadersOnCopy, ); }; };
		F8CCBFFB23F3D784008C1D16 /* CountryModel.swift in Sources */ = {isa = PBXBuildFile; fileRef = F8CCBFFA23F3D784008C1D16 /* CountryModel.swift */; };
		F8CCBFFD23F3D7C0008C1D16 /* CountryUseCase.swift in Sources */ = {isa = PBXBuildFile; fileRef = F8CCBFFC23F3D7C0008C1D16 /* CountryUseCase.swift */; };
		F8CCC00923F409AF008C1D16 /* Platform.h in Headers */ = {isa = PBXBuildFile; fileRef = F8CCC00723F409AF008C1D16 /* Platform.h */; settings = {ATTRIBUTES = (Public, ); }; };
		F8CCC00C23F409AF008C1D16 /* Platform.framework in Frameworks */ = {isa = PBXBuildFile; fileRef = F8CCC00523F409AF008C1D16 /* Platform.framework */; };
		F8CCC00D23F409AF008C1D16 /* Platform.framework in Embed Frameworks */ = {isa = PBXBuildFile; fileRef = F8CCC00523F409AF008C1D16 /* Platform.framework */; settings = {ATTRIBUTES = (CodeSignOnCopy, RemoveHeadersOnCopy, ); }; };
		F8CCC01323F40F0C008C1D16 /* Provider.swift in Sources */ = {isa = PBXBuildFile; fileRef = F8CCC01223F40F0C008C1D16 /* Provider.swift */; };
		F8CCC01523F4112F008C1D16 /* NetworkUseCaseProvider.swift in Sources */ = {isa = PBXBuildFile; fileRef = F8CCC01423F4112F008C1D16 /* NetworkUseCaseProvider.swift */; };
		F8CCC01923F4DE66008C1D16 /* CountryService.swift in Sources */ = {isa = PBXBuildFile; fileRef = F8CCC01823F4DE66008C1D16 /* CountryService.swift */; };
		F8CCC02123F512D6008C1D16 /* CountryListRouter.swift in Sources */ = {isa = PBXBuildFile; fileRef = F8CCC02023F512D6008C1D16 /* CountryListRouter.swift */; };
/* End PBXBuildFile section */

/* Begin PBXContainerItemProxy section */
		F8CCBFF223F3D76F008C1D16 /* PBXContainerItemProxy */ = {
			isa = PBXContainerItemProxy;
			containerPortal = F81BCDAF23EA9FC8009891E5 /* Project object */;
			proxyType = 1;
			remoteGlobalIDString = F8CCBFEC23F3D76F008C1D16;
			remoteInfo = Domain;
		};
		F8CCC00A23F409AF008C1D16 /* PBXContainerItemProxy */ = {
			isa = PBXContainerItemProxy;
			containerPortal = F81BCDAF23EA9FC8009891E5 /* Project object */;
			proxyType = 1;
			remoteGlobalIDString = F8CCC00423F409AF008C1D16;
			remoteInfo = Platform;
		};
/* End PBXContainerItemProxy section */

/* Begin PBXCopyFilesBuildPhase section */
		F8CCBFF623F3D76F008C1D16 /* Embed Frameworks */ = {
			isa = PBXCopyFilesBuildPhase;
			buildActionMask = 2147483647;
			dstPath = "";
			dstSubfolderSpec = 10;
			files = (
				F8CCBFF523F3D76F008C1D16 /* Domain.framework in Embed Frameworks */,
				F8CCC00D23F409AF008C1D16 /* Platform.framework in Embed Frameworks */,
			);
			name = "Embed Frameworks";
			runOnlyForDeploymentPostprocessing = 0;
		};
/* End PBXCopyFilesBuildPhase section */

/* Begin PBXFileReference section */
		302C933DDFF1232A0888F6AD /* Pods-Domain.debug.xcconfig */ = {isa = PBXFileReference; includeInIndex = 1; lastKnownFileType = text.xcconfig; name = "Pods-Domain.debug.xcconfig"; path = "Target Support Files/Pods-Domain/Pods-Domain.debug.xcconfig"; sourceTree = "<group>"; };
		408AF8291C80AA4B5D15C656 /* Pods-Platform.release.xcconfig */ = {isa = PBXFileReference; includeInIndex = 1; lastKnownFileType = text.xcconfig; name = "Pods-Platform.release.xcconfig"; path = "Target Support Files/Pods-Platform/Pods-Platform.release.xcconfig"; sourceTree = "<group>"; };
		640339695584878AF9E224E7 /* Pods-HelloWorld.release.xcconfig */ = {isa = PBXFileReference; includeInIndex = 1; lastKnownFileType = text.xcconfig; name = "Pods-HelloWorld.release.xcconfig"; path = "Target Support Files/Pods-HelloWorld/Pods-HelloWorld.release.xcconfig"; sourceTree = "<group>"; };
		663A52242378B4A7971533A2 /* Pods-HelloWorld.debug.xcconfig */ = {isa = PBXFileReference; includeInIndex = 1; lastKnownFileType = text.xcconfig; name = "Pods-HelloWorld.debug.xcconfig"; path = "Target Support Files/Pods-HelloWorld/Pods-HelloWorld.debug.xcconfig"; sourceTree = "<group>"; };
		93432B360B81D9F7A4A5A6FF /* Pods_Platform.framework */ = {isa = PBXFileReference; explicitFileType = wrapper.framework; includeInIndex = 0; path = Pods_Platform.framework; sourceTree = BUILT_PRODUCTS_DIR; };
		ACB6C843659B83B81A9B980B /* Pods-Platform.debug.xcconfig */ = {isa = PBXFileReference; includeInIndex = 1; lastKnownFileType = text.xcconfig; name = "Pods-Platform.debug.xcconfig"; path = "Target Support Files/Pods-Platform/Pods-Platform.debug.xcconfig"; sourceTree = "<group>"; };
		B73429DFFD6615E55353DE3E /* Pods-Domain.release.xcconfig */ = {isa = PBXFileReference; includeInIndex = 1; lastKnownFileType = text.xcconfig; name = "Pods-Domain.release.xcconfig"; path = "Target Support Files/Pods-Domain/Pods-Domain.release.xcconfig"; sourceTree = "<group>"; };
		B7B492A12A345971E403CAA6 /* Pods_Domain.framework */ = {isa = PBXFileReference; explicitFileType = wrapper.framework; includeInIndex = 0; path = Pods_Domain.framework; sourceTree = BUILT_PRODUCTS_DIR; };
		F81BCDB723EA9FC8009891E5 /* HelloWorld.app */ = {isa = PBXFileReference; explicitFileType = wrapper.application; includeInIndex = 0; path = HelloWorld.app; sourceTree = BUILT_PRODUCTS_DIR; };
		F81BCDBA23EA9FC8009891E5 /* AppDelegate.swift */ = {isa = PBXFileReference; lastKnownFileType = sourcecode.swift; path = AppDelegate.swift; sourceTree = "<group>"; };
		F81BCDC123EA9FC8009891E5 /* Base */ = {isa = PBXFileReference; lastKnownFileType = file.storyboard; name = Base; path = Base.lproj/Main.storyboard; sourceTree = "<group>"; };
		F81BCDC423EA9FC8009891E5 /* HelloWorld.xcdatamodel */ = {isa = PBXFileReference; lastKnownFileType = wrapper.xcdatamodel; path = HelloWorld.xcdatamodel; sourceTree = "<group>"; };
		F81BCDC623EA9FC9009891E5 /* Assets.xcassets */ = {isa = PBXFileReference; lastKnownFileType = folder.assetcatalog; path = Assets.xcassets; sourceTree = "<group>"; };
		F81BCDC923EA9FC9009891E5 /* Base */ = {isa = PBXFileReference; lastKnownFileType = file.storyboard; name = Base; path = Base.lproj/LaunchScreen.storyboard; sourceTree = "<group>"; };
		F81BCDCB23EA9FC9009891E5 /* Info.plist */ = {isa = PBXFileReference; lastKnownFileType = text.plist.xml; path = Info.plist; sourceTree = "<group>"; };
		F8CCBFD323F324C0008C1D16 /* CountryListViewController.swift */ = {isa = PBXFileReference; lastKnownFileType = sourcecode.swift; path = CountryListViewController.swift; sourceTree = "<group>"; };
		F8CCBFD523F324CA008C1D16 /* CountryDetailViewController.swift */ = {isa = PBXFileReference; lastKnownFileType = sourcecode.swift; path = CountryDetailViewController.swift; sourceTree = "<group>"; };
		F8CCBFD723F3250C008C1D16 /* CountryListViewModel.swift */ = {isa = PBXFileReference; lastKnownFileType = sourcecode.swift; path = CountryListViewModel.swift; sourceTree = "<group>"; };
		F8CCBFD923F32519008C1D16 /* CountryDetailViewModel.swift */ = {isa = PBXFileReference; lastKnownFileType = sourcecode.swift; path = CountryDetailViewModel.swift; sourceTree = "<group>"; };
		F8CCBFDC23F380AD008C1D16 /* Observable+Ext.swift */ = {isa = PBXFileReference; fileEncoding = 4; lastKnownFileType = sourcecode.swift; path = "Observable+Ext.swift"; sourceTree = "<group>"; };
		F8CCBFDD23F380AD008C1D16 /* ActivityIndicator.swift */ = {isa = PBXFileReference; fileEncoding = 4; lastKnownFileType = sourcecode.swift; path = ActivityIndicator.swift; sourceTree = "<group>"; };
		F8CCBFDE23F380AD008C1D16 /* ErrorTracker.swift */ = {isa = PBXFileReference; fileEncoding = 4; lastKnownFileType = sourcecode.swift; path = ErrorTracker.swift; sourceTree = "<group>"; };
		F8CCBFDF23F380AE008C1D16 /* Reusable.swift */ = {isa = PBXFileReference; fileEncoding = 4; lastKnownFileType = sourcecode.swift; path = Reusable.swift; sourceTree = "<group>"; };
		F8CCBFE423F381B3008C1D16 /* UIView.swift */ = {isa = PBXFileReference; lastKnownFileType = sourcecode.swift; path = UIView.swift; sourceTree = "<group>"; };
		F8CCBFE623F385B1008C1D16 /* ListTableViewCell.swift */ = {isa = PBXFileReference; lastKnownFileType = sourcecode.swift; path = ListTableViewCell.swift; sourceTree = "<group>"; };
		F8CCBFED23F3D76F008C1D16 /* Domain.framework */ = {isa = PBXFileReference; explicitFileType = wrapper.framework; includeInIndex = 0; path = Domain.framework; sourceTree = BUILT_PRODUCTS_DIR; };
		F8CCBFEF23F3D76F008C1D16 /* Domain.h */ = {isa = PBXFileReference; lastKnownFileType = sourcecode.c.h; path = Domain.h; sourceTree = "<group>"; };
		F8CCBFF023F3D76F008C1D16 /* Info.plist */ = {isa = PBXFileReference; lastKnownFileType = text.plist.xml; path = Info.plist; sourceTree = "<group>"; };
		F8CCBFFA23F3D784008C1D16 /* CountryModel.swift */ = {isa = PBXFileReference; lastKnownFileType = sourcecode.swift; path = CountryModel.swift; sourceTree = "<group>"; };
		F8CCBFFC23F3D7C0008C1D16 /* CountryUseCase.swift */ = {isa = PBXFileReference; lastKnownFileType = sourcecode.swift; path = CountryUseCase.swift; sourceTree = "<group>"; };
		F8CCC00523F409AF008C1D16 /* Platform.framework */ = {isa = PBXFileReference; explicitFileType = wrapper.framework; includeInIndex = 0; path = Platform.framework; sourceTree = BUILT_PRODUCTS_DIR; };
		F8CCC00723F409AF008C1D16 /* Platform.h */ = {isa = PBXFileReference; lastKnownFileType = sourcecode.c.h; path = Platform.h; sourceTree = "<group>"; };
		F8CCC00823F409AF008C1D16 /* Info.plist */ = {isa = PBXFileReference; lastKnownFileType = text.plist.xml; path = Info.plist; sourceTree = "<group>"; };
		F8CCC01223F40F0C008C1D16 /* Provider.swift */ = {isa = PBXFileReference; lastKnownFileType = sourcecode.swift; path = Provider.swift; sourceTree = "<group>"; };
		F8CCC01423F4112F008C1D16 /* NetworkUseCaseProvider.swift */ = {isa = PBXFileReference; lastKnownFileType = sourcecode.swift; path = NetworkUseCaseProvider.swift; sourceTree = "<group>"; };
		F8CCC01823F4DE66008C1D16 /* CountryService.swift */ = {isa = PBXFileReference; lastKnownFileType = sourcecode.swift; path = CountryService.swift; sourceTree = "<group>"; };
		F8CCC02023F512D6008C1D16 /* CountryListRouter.swift */ = {isa = PBXFileReference; lastKnownFileType = sourcecode.swift; path = CountryListRouter.swift; sourceTree = "<group>"; };
		F98E64108E66F859F6F80F0C /* Pods_HelloWorld.framework */ = {isa = PBXFileReference; explicitFileType = wrapper.framework; includeInIndex = 0; path = Pods_HelloWorld.framework; sourceTree = BUILT_PRODUCTS_DIR; };
/* End PBXFileReference section */

/* Begin PBXFrameworksBuildPhase section */
		F81BCDB423EA9FC8009891E5 /* Frameworks */ = {
			isa = PBXFrameworksBuildPhase;
			buildActionMask = 2147483647;
			files = (
				F8CCBFF423F3D76F008C1D16 /* Domain.framework in Frameworks */,
				DBECD9B5314CC183960728F9 /* Pods_HelloWorld.framework in Frameworks */,
				F8CCC00C23F409AF008C1D16 /* Platform.framework in Frameworks */,
			);
			runOnlyForDeploymentPostprocessing = 0;
		};
		F8CCBFEA23F3D76F008C1D16 /* Frameworks */ = {
			isa = PBXFrameworksBuildPhase;
			buildActionMask = 2147483647;
			files = (
				8DE773599A3AD8AEAA42A75F /* Pods_Domain.framework in Frameworks */,
			);
			runOnlyForDeploymentPostprocessing = 0;
		};
		F8CCC00223F409AF008C1D16 /* Frameworks */ = {
			isa = PBXFrameworksBuildPhase;
			buildActionMask = 2147483647;
			files = (
				44AA69643BA1CF7575A4E5A3 /* Pods_Platform.framework in Frameworks */,
			);
			runOnlyForDeploymentPostprocessing = 0;
		};
/* End PBXFrameworksBuildPhase section */

/* Begin PBXGroup section */
		4E560753BBC351EBB294F087 /* Frameworks */ = {
			isa = PBXGroup;
			children = (
				F98E64108E66F859F6F80F0C /* Pods_HelloWorld.framework */,
				B7B492A12A345971E403CAA6 /* Pods_Domain.framework */,
				93432B360B81D9F7A4A5A6FF /* Pods_Platform.framework */,
			);
			name = Frameworks;
			sourceTree = "<group>";
		};
		EFC4A2F5D00A6D677D5902CD /* Pods */ = {
			isa = PBXGroup;
			children = (
				663A52242378B4A7971533A2 /* Pods-HelloWorld.debug.xcconfig */,
				640339695584878AF9E224E7 /* Pods-HelloWorld.release.xcconfig */,
				302C933DDFF1232A0888F6AD /* Pods-Domain.debug.xcconfig */,
				B73429DFFD6615E55353DE3E /* Pods-Domain.release.xcconfig */,
				ACB6C843659B83B81A9B980B /* Pods-Platform.debug.xcconfig */,
				408AF8291C80AA4B5D15C656 /* Pods-Platform.release.xcconfig */,
			);
			path = Pods;
			sourceTree = "<group>";
		};
		F81BCDAE23EA9FC8009891E5 = {
			isa = PBXGroup;
			children = (
				F81BCDB923EA9FC8009891E5 /* HelloWorld */,
				F8CCBFEE23F3D76F008C1D16 /* Domain */,
				F8CCC00623F409AF008C1D16 /* Platform */,
				F81BCDB823EA9FC8009891E5 /* Products */,
				EFC4A2F5D00A6D677D5902CD /* Pods */,
				4E560753BBC351EBB294F087 /* Frameworks */,
			);
			sourceTree = "<group>";
		};
		F81BCDB823EA9FC8009891E5 /* Products */ = {
			isa = PBXGroup;
			children = (
				F81BCDB723EA9FC8009891E5 /* HelloWorld.app */,
				F8CCBFED23F3D76F008C1D16 /* Domain.framework */,
				F8CCC00523F409AF008C1D16 /* Platform.framework */,
			);
			name = Products;
			sourceTree = "<group>";
		};
		F81BCDB923EA9FC8009891E5 /* HelloWorld */ = {
			isa = PBXGroup;
			children = (
				F8CCBFDB23F38091008C1D16 /* Extension */,
				F81BCDCB23EA9FC9009891E5 /* Info.plist */,
				F81BCDC023EA9FC8009891E5 /* Main.storyboard */,
				F8962DD823EC925B00842C30 /* Resources */,
				F8962DD723EC922C00842C30 /* Scenes */,
				F8962DD923EC92C500842C30 /* Startup */,
			);
			path = HelloWorld;
			sourceTree = "<group>";
		};
		F8962DD723EC922C00842C30 /* Scenes */ = {
			isa = PBXGroup;
			children = (
				F8CCBFD223F32181008C1D16 /* CountryDetail */,
				F8CCBFD123F32176008C1D16 /* CountryList */,
			);
			path = Scenes;
			sourceTree = "<group>";
		};
		F8962DD823EC925B00842C30 /* Resources */ = {
			isa = PBXGroup;
			children = (
				F81BCDC323EA9FC8009891E5 /* HelloWorld.xcdatamodeld */,
				F81BCDC623EA9FC9009891E5 /* Assets.xcassets */,
			);
			path = Resources;
			sourceTree = "<group>";
		};
		F8962DD923EC92C500842C30 /* Startup */ = {
			isa = PBXGroup;
			children = (
				F81BCDC823EA9FC9009891E5 /* LaunchScreen.storyboard */,
				F81BCDBA23EA9FC8009891E5 /* AppDelegate.swift */,
			);
			path = Startup;
			sourceTree = "<group>";
		};
		F8CCBFD123F32176008C1D16 /* CountryList */ = {
			isa = PBXGroup;
			children = (
				F8CCBFD323F324C0008C1D16 /* CountryListViewController.swift */,
				F8CCBFD723F3250C008C1D16 /* CountryListViewModel.swift */,
				F8CCC02023F512D6008C1D16 /* CountryListRouter.swift */,
				F8CCBFE623F385B1008C1D16 /* ListTableViewCell.swift */,
			);
			path = CountryList;
			sourceTree = "<group>";
		};
		F8CCBFD223F32181008C1D16 /* CountryDetail */ = {
			isa = PBXGroup;
			children = (
				F8CCBFD523F324CA008C1D16 /* CountryDetailViewController.swift */,
				F8CCBFD923F32519008C1D16 /* CountryDetailViewModel.swift */,
			);
			path = CountryDetail;
			sourceTree = "<group>";
		};
		F8CCBFDB23F38091008C1D16 /* Extension */ = {
			isa = PBXGroup;
			children = (
				F8CCBFDD23F380AD008C1D16 /* ActivityIndicator.swift */,
				F8CCBFDE23F380AD008C1D16 /* ErrorTracker.swift */,
				F8CCBFDC23F380AD008C1D16 /* Observable+Ext.swift */,
				F8CCBFDF23F380AE008C1D16 /* Reusable.swift */,
				F8CCBFE423F381B3008C1D16 /* UIView.swift */,
			);
			path = Extension;
			sourceTree = "<group>";
		};
		F8CCBFEE23F3D76F008C1D16 /* Domain */ = {
			isa = PBXGroup;
			children = (
				F8CCBFEF23F3D76F008C1D16 /* Domain.h */,
				F8CCBFF023F3D76F008C1D16 /* Info.plist */,
				F8CCBFFF23F3DE55008C1D16 /* Entity */,
				F8CCBFFE23F3DE49008C1D16 /* UseCase */,
			);
			path = Domain;
			sourceTree = "<group>";
		};
		F8CCBFFE23F3DE49008C1D16 /* UseCase */ = {
			isa = PBXGroup;
			children = (
				F8CCBFFC23F3D7C0008C1D16 /* CountryUseCase.swift */,
			);
			path = UseCase;
			sourceTree = "<group>";
		};
		F8CCBFFF23F3DE55008C1D16 /* Entity */ = {
			isa = PBXGroup;
			children = (
				F8CCBFFA23F3D784008C1D16 /* CountryModel.swift */,
			);
			path = Entity;
			sourceTree = "<group>";
		};
		F8CCC00623F409AF008C1D16 /* Platform */ = {
			isa = PBXGroup;
			children = (
				F8CCC01123F40A72008C1D16 /* Network */,
				F8CCC00723F409AF008C1D16 /* Platform.h */,
				F8CCC00823F409AF008C1D16 /* Info.plist */,
			);
			path = Platform;
			sourceTree = "<group>";
		};
		F8CCC01123F40A72008C1D16 /* Network */ = {
			isa = PBXGroup;
			children = (
				F8CCC01223F40F0C008C1D16 /* Provider.swift */,
				F8CCC01423F4112F008C1D16 /* NetworkUseCaseProvider.swift */,
				F8CCC01823F4DE66008C1D16 /* CountryService.swift */,
			);
			path = Network;
			sourceTree = "<group>";
		};
/* End PBXGroup section */

/* Begin PBXHeadersBuildPhase section */
		F8CCBFE823F3D76F008C1D16 /* Headers */ = {
			isa = PBXHeadersBuildPhase;
			buildActionMask = 2147483647;
			files = (
				F8CCBFF123F3D76F008C1D16 /* Domain.h in Headers */,
			);
			runOnlyForDeploymentPostprocessing = 0;
		};
		F8CCC00023F409AF008C1D16 /* Headers */ = {
			isa = PBXHeadersBuildPhase;
			buildActionMask = 2147483647;
			files = (
				F8CCC00923F409AF008C1D16 /* Platform.h in Headers */,
			);
			runOnlyForDeploymentPostprocessing = 0;
		};
/* End PBXHeadersBuildPhase section */

/* Begin PBXNativeTarget section */
		F81BCDB623EA9FC8009891E5 /* HelloWorld */ = {
			isa = PBXNativeTarget;
			buildConfigurationList = F81BCDCE23EA9FC9009891E5 /* Build configuration list for PBXNativeTarget "HelloWorld" */;
			buildPhases = (
				1AA42A6C70384422E6DDDE42 /* [CP] Check Pods Manifest.lock */,
				F81BCDB323EA9FC8009891E5 /* Sources */,
				F81BCDB423EA9FC8009891E5 /* Frameworks */,
				F81BCDB523EA9FC8009891E5 /* Resources */,
				83A3F9641A4FFB2CB30B62A3 /* [CP] Embed Pods Frameworks */,
				F8CCBFF623F3D76F008C1D16 /* Embed Frameworks */,
			);
			buildRules = (
			);
			dependencies = (
				F8CCBFF323F3D76F008C1D16 /* PBXTargetDependency */,
				F8CCC00B23F409AF008C1D16 /* PBXTargetDependency */,
			);
			name = HelloWorld;
			productName = HelloWorld;
			productReference = F81BCDB723EA9FC8009891E5 /* HelloWorld.app */;
			productType = "com.apple.product-type.application";
		};
		F8CCBFEC23F3D76F008C1D16 /* Domain */ = {
			isa = PBXNativeTarget;
			buildConfigurationList = F8CCBFF923F3D76F008C1D16 /* Build configuration list for PBXNativeTarget "Domain" */;
			buildPhases = (
				2FD36B6B4002CBFC3080687B /* [CP] Check Pods Manifest.lock */,
				F8CCBFE823F3D76F008C1D16 /* Headers */,
				F8CCBFE923F3D76F008C1D16 /* Sources */,
				F8CCBFEA23F3D76F008C1D16 /* Frameworks */,
				F8CCBFEB23F3D76F008C1D16 /* Resources */,
			);
			buildRules = (
			);
			dependencies = (
			);
			name = Domain;
			productName = Domain;
			productReference = F8CCBFED23F3D76F008C1D16 /* Domain.framework */;
			productType = "com.apple.product-type.framework";
		};
		F8CCC00423F409AF008C1D16 /* Platform */ = {
			isa = PBXNativeTarget;
			buildConfigurationList = F8CCC00E23F409AF008C1D16 /* Build configuration list for PBXNativeTarget "Platform" */;
			buildPhases = (
				95BDF8F24E43552C1DC611BE /* [CP] Check Pods Manifest.lock */,
				F8CCC00023F409AF008C1D16 /* Headers */,
				F8CCC00123F409AF008C1D16 /* Sources */,
				F8CCC00223F409AF008C1D16 /* Frameworks */,
				F8CCC00323F409AF008C1D16 /* Resources */,
			);
			buildRules = (
			);
			dependencies = (
			);
			name = Platform;
			productName = Platform;
			productReference = F8CCC00523F409AF008C1D16 /* Platform.framework */;
			productType = "com.apple.product-type.framework";
		};
/* End PBXNativeTarget section */

/* Begin PBXProject section */
		F81BCDAF23EA9FC8009891E5 /* Project object */ = {
			isa = PBXProject;
			attributes = {
				LastSwiftUpdateCheck = 1130;
				LastUpgradeCheck = 1130;
				ORGANIZATIONNAME = creativeme;
				TargetAttributes = {
					F81BCDB623EA9FC8009891E5 = {
						CreatedOnToolsVersion = 11.3.1;
					};
					F8CCBFEC23F3D76F008C1D16 = {
						CreatedOnToolsVersion = 11.3.1;
						LastSwiftMigration = 1130;
					};
					F8CCC00423F409AF008C1D16 = {
						CreatedOnToolsVersion = 11.3.1;
						LastSwiftMigration = 1130;
					};
				};
			};
			buildConfigurationList = F81BCDB223EA9FC8009891E5 /* Build configuration list for PBXProject "HelloWorld" */;
			compatibilityVersion = "Xcode 9.3";
			developmentRegion = en;
			hasScannedForEncodings = 0;
			knownRegions = (
				en,
				Base,
			);
			mainGroup = F81BCDAE23EA9FC8009891E5;
			productRefGroup = F81BCDB823EA9FC8009891E5 /* Products */;
			projectDirPath = "";
			projectRoot = "";
			targets = (
				F81BCDB623EA9FC8009891E5 /* HelloWorld */,
				F8CCBFEC23F3D76F008C1D16 /* Domain */,
				F8CCC00423F409AF008C1D16 /* Platform */,
			);
		};
/* End PBXProject section */

/* Begin PBXResourcesBuildPhase section */
		F81BCDB523EA9FC8009891E5 /* Resources */ = {
			isa = PBXResourcesBuildPhase;
			buildActionMask = 2147483647;
			files = (
				F81BCDCA23EA9FC9009891E5 /* LaunchScreen.storyboard in Resources */,
				F81BCDC723EA9FC9009891E5 /* Assets.xcassets in Resources */,
				F81BCDC223EA9FC8009891E5 /* Main.storyboard in Resources */,
			);
			runOnlyForDeploymentPostprocessing = 0;
		};
		F8CCBFEB23F3D76F008C1D16 /* Resources */ = {
			isa = PBXResourcesBuildPhase;
			buildActionMask = 2147483647;
			files = (
			);
			runOnlyForDeploymentPostprocessing = 0;
		};
		F8CCC00323F409AF008C1D16 /* Resources */ = {
			isa = PBXResourcesBuildPhase;
			buildActionMask = 2147483647;
			files = (
			);
			runOnlyForDeploymentPostprocessing = 0;
		};
/* End PBXResourcesBuildPhase section */

/* Begin PBXShellScriptBuildPhase section */
		1AA42A6C70384422E6DDDE42 /* [CP] Check Pods Manifest.lock */ = {
			isa = PBXShellScriptBuildPhase;
			buildActionMask = 2147483647;
			files = (
			);
			inputFileListPaths = (
			);
			inputPaths = (
				"${PODS_PODFILE_DIR_PATH}/Podfile.lock",
				"${PODS_ROOT}/Manifest.lock",
			);
			name = "[CP] Check Pods Manifest.lock";
			outputFileListPaths = (
			);
			outputPaths = (
				"$(DERIVED_FILE_DIR)/Pods-HelloWorld-checkManifestLockResult.txt",
			);
			runOnlyForDeploymentPostprocessing = 0;
			shellPath = /bin/sh;
			shellScript = "diff \"${PODS_PODFILE_DIR_PATH}/Podfile.lock\" \"${PODS_ROOT}/Manifest.lock\" > /dev/null\nif [ $? != 0 ] ; then\n    # print error to STDERR\n    echo \"error: The sandbox is not in sync with the Podfile.lock. Run 'pod install' or update your CocoaPods installation.\" >&2\n    exit 1\nfi\n# This output is used by Xcode 'outputs' to avoid re-running this script phase.\necho \"SUCCESS\" > \"${SCRIPT_OUTPUT_FILE_0}\"\n";
			showEnvVarsInLog = 0;
		};
		2FD36B6B4002CBFC3080687B /* [CP] Check Pods Manifest.lock */ = {
			isa = PBXShellScriptBuildPhase;
			buildActionMask = 2147483647;
			files = (
			);
			inputFileListPaths = (
			);
			inputPaths = (
				"${PODS_PODFILE_DIR_PATH}/Podfile.lock",
				"${PODS_ROOT}/Manifest.lock",
			);
			name = "[CP] Check Pods Manifest.lock";
			outputFileListPaths = (
			);
			outputPaths = (
				"$(DERIVED_FILE_DIR)/Pods-Domain-checkManifestLockResult.txt",
			);
			runOnlyForDeploymentPostprocessing = 0;
			shellPath = /bin/sh;
			shellScript = "diff \"${PODS_PODFILE_DIR_PATH}/Podfile.lock\" \"${PODS_ROOT}/Manifest.lock\" > /dev/null\nif [ $? != 0 ] ; then\n    # print error to STDERR\n    echo \"error: The sandbox is not in sync with the Podfile.lock. Run 'pod install' or update your CocoaPods installation.\" >&2\n    exit 1\nfi\n# This output is used by Xcode 'outputs' to avoid re-running this script phase.\necho \"SUCCESS\" > \"${SCRIPT_OUTPUT_FILE_0}\"\n";
			showEnvVarsInLog = 0;
		};
		83A3F9641A4FFB2CB30B62A3 /* [CP] Embed Pods Frameworks */ = {
			isa = PBXShellScriptBuildPhase;
			buildActionMask = 2147483647;
			files = (
			);
			inputFileListPaths = (
				"${PODS_ROOT}/Target Support Files/Pods-HelloWorld/Pods-HelloWorld-frameworks-${CONFIGURATION}-input-files.xcfilelist",
			);
			name = "[CP] Embed Pods Frameworks";
			outputFileListPaths = (
				"${PODS_ROOT}/Target Support Files/Pods-HelloWorld/Pods-HelloWorld-frameworks-${CONFIGURATION}-output-files.xcfilelist",
			);
			runOnlyForDeploymentPostprocessing = 0;
			shellPath = /bin/sh;
			shellScript = "\"${PODS_ROOT}/Target Support Files/Pods-HelloWorld/Pods-HelloWorld-frameworks.sh\"\n";
			showEnvVarsInLog = 0;
		};
		95BDF8F24E43552C1DC611BE /* [CP] Check Pods Manifest.lock */ = {
			isa = PBXShellScriptBuildPhase;
			buildActionMask = 2147483647;
			files = (
			);
			inputFileListPaths = (
			);
			inputPaths = (
				"${PODS_PODFILE_DIR_PATH}/Podfile.lock",
				"${PODS_ROOT}/Manifest.lock",
			);
			name = "[CP] Check Pods Manifest.lock";
			outputFileListPaths = (
			);
			outputPaths = (
				"$(DERIVED_FILE_DIR)/Pods-Platform-checkManifestLockResult.txt",
			);
			runOnlyForDeploymentPostprocessing = 0;
			shellPath = /bin/sh;
			shellScript = "diff \"${PODS_PODFILE_DIR_PATH}/Podfile.lock\" \"${PODS_ROOT}/Manifest.lock\" > /dev/null\nif [ $? != 0 ] ; then\n    # print error to STDERR\n    echo \"error: The sandbox is not in sync with the Podfile.lock. Run 'pod install' or update your CocoaPods installation.\" >&2\n    exit 1\nfi\n# This output is used by Xcode 'outputs' to avoid re-running this script phase.\necho \"SUCCESS\" > \"${SCRIPT_OUTPUT_FILE_0}\"\n";
			showEnvVarsInLog = 0;
		};
/* End PBXShellScriptBuildPhase section */

/* Begin PBXSourcesBuildPhase section */
		F81BCDB323EA9FC8009891E5 /* Sources */ = {
			isa = PBXSourcesBuildPhase;
			buildActionMask = 2147483647;
			files = (
				F81BCDBB23EA9FC8009891E5 /* AppDelegate.swift in Sources */,
				F8CCBFD423F324C0008C1D16 /* CountryListViewController.swift in Sources */,
				F8CCBFE523F381B3008C1D16 /* UIView.swift in Sources */,
				F8CCBFDA23F32519008C1D16 /* CountryDetailViewModel.swift in Sources */,
				F8CCBFD623F324CA008C1D16 /* CountryDetailViewController.swift in Sources */,
				F8CCBFE723F385B1008C1D16 /* ListTableViewCell.swift in Sources */,
				F8CCBFE323F380AE008C1D16 /* Reusable.swift in Sources */,
				F8CCBFE223F380AE008C1D16 /* ErrorTracker.swift in Sources */,
				F8CCC02123F512D6008C1D16 /* CountryListRouter.swift in Sources */,
				F8CCBFE123F380AE008C1D16 /* ActivityIndicator.swift in Sources */,
				F8CCBFD823F3250C008C1D16 /* CountryListViewModel.swift in Sources */,
				F8CCBFE023F380AE008C1D16 /* Observable+Ext.swift in Sources */,
				F81BCDC523EA9FC8009891E5 /* HelloWorld.xcdatamodeld in Sources */,
			);
			runOnlyForDeploymentPostprocessing = 0;
		};
		F8CCBFE923F3D76F008C1D16 /* Sources */ = {
			isa = PBXSourcesBuildPhase;
			buildActionMask = 2147483647;
			files = (
				F8CCBFFD23F3D7C0008C1D16 /* CountryUseCase.swift in Sources */,
				F8CCBFFB23F3D784008C1D16 /* CountryModel.swift in Sources */,
			);
			runOnlyForDeploymentPostprocessing = 0;
		};
		F8CCC00123F409AF008C1D16 /* Sources */ = {
			isa = PBXSourcesBuildPhase;
			buildActionMask = 2147483647;
			files = (
				F8CCC01923F4DE66008C1D16 /* CountryService.swift in Sources */,
				F8CCC01523F4112F008C1D16 /* NetworkUseCaseProvider.swift in Sources */,
				F8CCC01323F40F0C008C1D16 /* Provider.swift in Sources */,
			);
			runOnlyForDeploymentPostprocessing = 0;
		};
/* End PBXSourcesBuildPhase section */

/* Begin PBXTargetDependency section */
		F8CCBFF323F3D76F008C1D16 /* PBXTargetDependency */ = {
			isa = PBXTargetDependency;
			target = F8CCBFEC23F3D76F008C1D16 /* Domain */;
			targetProxy = F8CCBFF223F3D76F008C1D16 /* PBXContainerItemProxy */;
		};
		F8CCC00B23F409AF008C1D16 /* PBXTargetDependency */ = {
			isa = PBXTargetDependency;
			target = F8CCC00423F409AF008C1D16 /* Platform */;
			targetProxy = F8CCC00A23F409AF008C1D16 /* PBXContainerItemProxy */;
		};
/* End PBXTargetDependency section */

/* Begin PBXVariantGroup section */
		F81BCDC023EA9FC8009891E5 /* Main.storyboard */ = {
			isa = PBXVariantGroup;
			children = (
				F81BCDC123EA9FC8009891E5 /* Base */,
			);
			name = Main.storyboard;
			sourceTree = "<group>";
		};
		F81BCDC823EA9FC9009891E5 /* LaunchScreen.storyboard */ = {
			isa = PBXVariantGroup;
			children = (
				F81BCDC923EA9FC9009891E5 /* Base */,
			);
			name = LaunchScreen.storyboard;
			sourceTree = "<group>";
		};
/* End PBXVariantGroup section */

/* Begin XCBuildConfiguration section */
		F81BCDCC23EA9FC9009891E5 /* Debug */ = {
			isa = XCBuildConfiguration;
			buildSettings = {
				ALWAYS_SEARCH_USER_PATHS = NO;
				CLANG_ANALYZER_NONNULL = YES;
				CLANG_ANALYZER_NUMBER_OBJECT_CONVERSION = YES_AGGRESSIVE;
				CLANG_CXX_LANGUAGE_STANDARD = "gnu++14";
				CLANG_CXX_LIBRARY = "libc++";
				CLANG_ENABLE_MODULES = YES;
				CLANG_ENABLE_OBJC_ARC = YES;
				CLANG_ENABLE_OBJC_WEAK = YES;
				CLANG_WARN_BLOCK_CAPTURE_AUTORELEASING = YES;
				CLANG_WARN_BOOL_CONVERSION = YES;
				CLANG_WARN_COMMA = YES;
				CLANG_WARN_CONSTANT_CONVERSION = YES;
				CLANG_WARN_DEPRECATED_OBJC_IMPLEMENTATIONS = YES;
				CLANG_WARN_DIRECT_OBJC_ISA_USAGE = YES_ERROR;
				CLANG_WARN_DOCUMENTATION_COMMENTS = YES;
				CLANG_WARN_EMPTY_BODY = YES;
				CLANG_WARN_ENUM_CONVERSION = YES;
				CLANG_WARN_INFINITE_RECURSION = YES;
				CLANG_WARN_INT_CONVERSION = YES;
				CLANG_WARN_NON_LITERAL_NULL_CONVERSION = YES;
				CLANG_WARN_OBJC_IMPLICIT_RETAIN_SELF = YES;
				CLANG_WARN_OBJC_LITERAL_CONVERSION = YES;
				CLANG_WARN_OBJC_ROOT_CLASS = YES_ERROR;
				CLANG_WARN_RANGE_LOOP_ANALYSIS = YES;
				CLANG_WARN_STRICT_PROTOTYPES = YES;
				CLANG_WARN_SUSPICIOUS_MOVE = YES;
				CLANG_WARN_UNGUARDED_AVAILABILITY = YES_AGGRESSIVE;
				CLANG_WARN_UNREACHABLE_CODE = YES;
				CLANG_WARN__DUPLICATE_METHOD_MATCH = YES;
				COPY_PHASE_STRIP = NO;
				DEBUG_INFORMATION_FORMAT = dwarf;
				ENABLE_STRICT_OBJC_MSGSEND = YES;
				ENABLE_TESTABILITY = YES;
				GCC_C_LANGUAGE_STANDARD = gnu11;
				GCC_DYNAMIC_NO_PIC = NO;
				GCC_NO_COMMON_BLOCKS = YES;
				GCC_OPTIMIZATION_LEVEL = 0;
				GCC_PREPROCESSOR_DEFINITIONS = (
					"DEBUG=1",
					"$(inherited)",
				);
				GCC_WARN_64_TO_32_BIT_CONVERSION = YES;
				GCC_WARN_ABOUT_RETURN_TYPE = YES_ERROR;
				GCC_WARN_UNDECLARED_SELECTOR = YES;
				GCC_WARN_UNINITIALIZED_AUTOS = YES_AGGRESSIVE;
				GCC_WARN_UNUSED_FUNCTION = YES;
				GCC_WARN_UNUSED_VARIABLE = YES;
				IPHONEOS_DEPLOYMENT_TARGET = 10.0;
				MTL_ENABLE_DEBUG_INFO = INCLUDE_SOURCE;
				MTL_FAST_MATH = YES;
				ONLY_ACTIVE_ARCH = YES;
				SDKROOT = iphoneos;
				SWIFT_ACTIVE_COMPILATION_CONDITIONS = DEBUG;
				SWIFT_OPTIMIZATION_LEVEL = "-Onone";
			};
			name = Debug;
		};
		F81BCDCD23EA9FC9009891E5 /* Release */ = {
			isa = XCBuildConfiguration;
			buildSettings = {
				ALWAYS_SEARCH_USER_PATHS = NO;
				CLANG_ANALYZER_NONNULL = YES;
				CLANG_ANALYZER_NUMBER_OBJECT_CONVERSION = YES_AGGRESSIVE;
				CLANG_CXX_LANGUAGE_STANDARD = "gnu++14";
				CLANG_CXX_LIBRARY = "libc++";
				CLANG_ENABLE_MODULES = YES;
				CLANG_ENABLE_OBJC_ARC = YES;
				CLANG_ENABLE_OBJC_WEAK = YES;
				CLANG_WARN_BLOCK_CAPTURE_AUTORELEASING = YES;
				CLANG_WARN_BOOL_CONVERSION = YES;
				CLANG_WARN_COMMA = YES;
				CLANG_WARN_CONSTANT_CONVERSION = YES;
				CLANG_WARN_DEPRECATED_OBJC_IMPLEMENTATIONS = YES;
				CLANG_WARN_DIRECT_OBJC_ISA_USAGE = YES_ERROR;
				CLANG_WARN_DOCUMENTATION_COMMENTS = YES;
				CLANG_WARN_EMPTY_BODY = YES;
				CLANG_WARN_ENUM_CONVERSION = YES;
				CLANG_WARN_INFINITE_RECURSION = YES;
				CLANG_WARN_INT_CONVERSION = YES;
				CLANG_WARN_NON_LITERAL_NULL_CONVERSION = YES;
				CLANG_WARN_OBJC_IMPLICIT_RETAIN_SELF = YES;
				CLANG_WARN_OBJC_LITERAL_CONVERSION = YES;
				CLANG_WARN_OBJC_ROOT_CLASS = YES_ERROR;
				CLANG_WARN_RANGE_LOOP_ANALYSIS = YES;
				CLANG_WARN_STRICT_PROTOTYPES = YES;
				CLANG_WARN_SUSPICIOUS_MOVE = YES;
				CLANG_WARN_UNGUARDED_AVAILABILITY = YES_AGGRESSIVE;
				CLANG_WARN_UNREACHABLE_CODE = YES;
				CLANG_WARN__DUPLICATE_METHOD_MATCH = YES;
				COPY_PHASE_STRIP = NO;
				DEBUG_INFORMATION_FORMAT = "dwarf-with-dsym";
				ENABLE_NS_ASSERTIONS = NO;
				ENABLE_STRICT_OBJC_MSGSEND = YES;
				GCC_C_LANGUAGE_STANDARD = gnu11;
				GCC_NO_COMMON_BLOCKS = YES;
				GCC_WARN_64_TO_32_BIT_CONVERSION = YES;
				GCC_WARN_ABOUT_RETURN_TYPE = YES_ERROR;
				GCC_WARN_UNDECLARED_SELECTOR = YES;
				GCC_WARN_UNINITIALIZED_AUTOS = YES_AGGRESSIVE;
				GCC_WARN_UNUSED_FUNCTION = YES;
				GCC_WARN_UNUSED_VARIABLE = YES;
				IPHONEOS_DEPLOYMENT_TARGET = 10.0;
				MTL_ENABLE_DEBUG_INFO = NO;
				MTL_FAST_MATH = YES;
				SDKROOT = iphoneos;
				SWIFT_COMPILATION_MODE = wholemodule;
				SWIFT_OPTIMIZATION_LEVEL = "-O";
				VALIDATE_PRODUCT = YES;
			};
			name = Release;
		};
		F81BCDCF23EA9FC9009891E5 /* Debug */ = {
			isa = XCBuildConfiguration;
			baseConfigurationReference = 663A52242378B4A7971533A2 /* Pods-HelloWorld.debug.xcconfig */;
			buildSettings = {
				ALWAYS_EMBED_SWIFT_STANDARD_LIBRARIES = YES;
				ASSETCATALOG_COMPILER_APPICON_NAME = AppIcon;
				CODE_SIGN_STYLE = Automatic;
				DEVELOPMENT_TEAM = 87V4LPCVW4;
				INFOPLIST_FILE = HelloWorld/Info.plist;
				IPHONEOS_DEPLOYMENT_TARGET = 11.0;
				LD_RUNPATH_SEARCH_PATHS = (
					"$(inherited)",
					"@executable_path/Frameworks",
				);
				PRODUCT_BUNDLE_IDENTIFIER = com.valentie.HelloWorld;
				PRODUCT_NAME = "$(TARGET_NAME)";
				SWIFT_VERSION = 5.0;
				TARGETED_DEVICE_FAMILY = "1,2";
			};
			name = Debug;
		};
		F81BCDD023EA9FC9009891E5 /* Release */ = {
			isa = XCBuildConfiguration;
			baseConfigurationReference = 640339695584878AF9E224E7 /* Pods-HelloWorld.release.xcconfig */;
			buildSettings = {
				ALWAYS_EMBED_SWIFT_STANDARD_LIBRARIES = YES;
				ASSETCATALOG_COMPILER_APPICON_NAME = AppIcon;
				CODE_SIGN_STYLE = Automatic;
				DEVELOPMENT_TEAM = 87V4LPCVW4;
				INFOPLIST_FILE = HelloWorld/Info.plist;
				IPHONEOS_DEPLOYMENT_TARGET = 11.0;
				LD_RUNPATH_SEARCH_PATHS = (
					"$(inherited)",
					"@executable_path/Frameworks",
				);
				PRODUCT_BUNDLE_IDENTIFIER = com.valentie.HelloWorld;
				PRODUCT_NAME = "$(TARGET_NAME)";
				SWIFT_VERSION = 5.0;
				TARGETED_DEVICE_FAMILY = "1,2";
			};
			name = Release;
		};
		F8CCBFF723F3D76F008C1D16 /* Debug */ = {
			isa = XCBuildConfiguration;
			baseConfigurationReference = 302C933DDFF1232A0888F6AD /* Pods-Domain.debug.xcconfig */;
			buildSettings = {
				CLANG_ENABLE_MODULES = YES;
				CODE_SIGN_STYLE = Automatic;
				CURRENT_PROJECT_VERSION = 1;
				DEFINES_MODULE = YES;
				DEVELOPMENT_TEAM = 87V4LPCVW4;
				DYLIB_COMPATIBILITY_VERSION = 1;
				DYLIB_CURRENT_VERSION = 1;
				DYLIB_INSTALL_NAME_BASE = "@rpath";
				INFOPLIST_FILE = Domain/Info.plist;
				INSTALL_PATH = "$(LOCAL_LIBRARY_DIR)/Frameworks";
				IPHONEOS_DEPLOYMENT_TARGET = 11.0;
				LD_RUNPATH_SEARCH_PATHS = (
					"$(inherited)",
					"@executable_path/Frameworks",
					"@loader_path/Frameworks",
				);
				PRODUCT_BUNDLE_IDENTIFIER = com.valentie.Domain;
				PRODUCT_NAME = "$(TARGET_NAME:c99extidentifier)";
				SKIP_INSTALL = YES;
				SWIFT_OPTIMIZATION_LEVEL = "-Onone";
				SWIFT_VERSION = 5.0;
				TARGETED_DEVICE_FAMILY = "1,2";
				VERSIONING_SYSTEM = "apple-generic";
				VERSION_INFO_PREFIX = "";
			};
			name = Debug;
		};
		F8CCBFF823F3D76F008C1D16 /* Release */ = {
			isa = XCBuildConfiguration;
			baseConfigurationReference = B73429DFFD6615E55353DE3E /* Pods-Domain.release.xcconfig */;
			buildSettings = {
				CLANG_ENABLE_MODULES = YES;
				CODE_SIGN_STYLE = Automatic;
				CURRENT_PROJECT_VERSION = 1;
				DEFINES_MODULE = YES;
				DEVELOPMENT_TEAM = 87V4LPCVW4;
				DYLIB_COMPATIBILITY_VERSION = 1;
				DYLIB_CURRENT_VERSION = 1;
				DYLIB_INSTALL_NAME_BASE = "@rpath";
				INFOPLIST_FILE = Domain/Info.plist;
				INSTALL_PATH = "$(LOCAL_LIBRARY_DIR)/Frameworks";
				IPHONEOS_DEPLOYMENT_TARGET = 11.0;
				LD_RUNPATH_SEARCH_PATHS = (
					"$(inherited)",
					"@executable_path/Frameworks",
					"@loader_path/Frameworks",
				);
				PRODUCT_BUNDLE_IDENTIFIER = com.valentie.Domain;
				PRODUCT_NAME = "$(TARGET_NAME:c99extidentifier)";
				SKIP_INSTALL = YES;
				SWIFT_VERSION = 5.0;
				TARGETED_DEVICE_FAMILY = "1,2";
				VERSIONING_SYSTEM = "apple-generic";
				VERSION_INFO_PREFIX = "";
			};
			name = Release;
		};
		F8CCC00F23F409AF008C1D16 /* Debug */ = {
			isa = XCBuildConfiguration;
			baseConfigurationReference = ACB6C843659B83B81A9B980B /* Pods-Platform.debug.xcconfig */;
			buildSettings = {
				CLANG_ENABLE_MODULES = YES;
				CODE_SIGN_STYLE = Automatic;
				CURRENT_PROJECT_VERSION = 1;
				DEFINES_MODULE = YES;
				DEVELOPMENT_TEAM = 87V4LPCVW4;
				DYLIB_COMPATIBILITY_VERSION = 1;
				DYLIB_CURRENT_VERSION = 1;
				DYLIB_INSTALL_NAME_BASE = "@rpath";
				INFOPLIST_FILE = Platform/Info.plist;
				INSTALL_PATH = "$(LOCAL_LIBRARY_DIR)/Frameworks";
				IPHONEOS_DEPLOYMENT_TARGET = 11.0;
				LD_RUNPATH_SEARCH_PATHS = (
					"$(inherited)",
					"@executable_path/Frameworks",
					"@loader_path/Frameworks",
				);
				PRODUCT_BUNDLE_IDENTIFIER = com.valentie.Platform;
				PRODUCT_NAME = "$(TARGET_NAME:c99extidentifier)";
				SKIP_INSTALL = YES;
				SWIFT_OPTIMIZATION_LEVEL = "-Onone";
				SWIFT_VERSION = 5.0;
				TARGETED_DEVICE_FAMILY = "1,2";
				VERSIONING_SYSTEM = "apple-generic";
				VERSION_INFO_PREFIX = "";
			};
			name = Debug;
		};
		F8CCC01023F409AF008C1D16 /* Release */ = {
			isa = XCBuildConfiguration;
			baseConfigurationReference = 408AF8291C80AA4B5D15C656 /* Pods-Platform.release.xcconfig */;
			buildSettings = {
				CLANG_ENABLE_MODULES = YES;
				CODE_SIGN_STYLE = Automatic;
				CURRENT_PROJECT_VERSION = 1;
				DEFINES_MODULE = YES;
				DEVELOPMENT_TEAM = 87V4LPCVW4;
				DYLIB_COMPATIBILITY_VERSION = 1;
				DYLIB_CURRENT_VERSION = 1;
				DYLIB_INSTALL_NAME_BASE = "@rpath";
				INFOPLIST_FILE = Platform/Info.plist;
				INSTALL_PATH = "$(LOCAL_LIBRARY_DIR)/Frameworks";
				IPHONEOS_DEPLOYMENT_TARGET = 11.0;
				LD_RUNPATH_SEARCH_PATHS = (
					"$(inherited)",
					"@executable_path/Frameworks",
					"@loader_path/Frameworks",
				);
				PRODUCT_BUNDLE_IDENTIFIER = com.valentie.Platform;
				PRODUCT_NAME = "$(TARGET_NAME:c99extidentifier)";
				SKIP_INSTALL = YES;
				SWIFT_VERSION = 5.0;
				TARGETED_DEVICE_FAMILY = "1,2";
				VERSIONING_SYSTEM = "apple-generic";
				VERSION_INFO_PREFIX = "";
			};
			name = Release;
		};
/* End XCBuildConfiguration section */

/* Begin XCConfigurationList section */
		F81BCDB223EA9FC8009891E5 /* Build configuration list for PBXProject "HelloWorld" */ = {
			isa = XCConfigurationList;
			buildConfigurations = (
				F81BCDCC23EA9FC9009891E5 /* Debug */,
				F81BCDCD23EA9FC9009891E5 /* Release */,
			);
			defaultConfigurationIsVisible = 0;
			defaultConfigurationName = Release;
		};
		F81BCDCE23EA9FC9009891E5 /* Build configuration list for PBXNativeTarget "HelloWorld" */ = {
			isa = XCConfigurationList;
			buildConfigurations = (
				F81BCDCF23EA9FC9009891E5 /* Debug */,
				F81BCDD023EA9FC9009891E5 /* Release */,
			);
			defaultConfigurationIsVisible = 0;
			defaultConfigurationName = Release;
		};
		F8CCBFF923F3D76F008C1D16 /* Build configuration list for PBXNativeTarget "Domain" */ = {
			isa = XCConfigurationList;
			buildConfigurations = (
				F8CCBFF723F3D76F008C1D16 /* Debug */,
				F8CCBFF823F3D76F008C1D16 /* Release */,
			);
			defaultConfigurationIsVisible = 0;
			defaultConfigurationName = Release;
		};
		F8CCC00E23F409AF008C1D16 /* Build configuration list for PBXNativeTarget "Platform" */ = {
			isa = XCConfigurationList;
			buildConfigurations = (
				F8CCC00F23F409AF008C1D16 /* Debug */,
				F8CCC01023F409AF008C1D16 /* Release */,
			);
			defaultConfigurationIsVisible = 0;
			defaultConfigurationName = Release;
		};
/* End XCConfigurationList section */

/* Begin XCVersionGroup section */
		F81BCDC323EA9FC8009891E5 /* HelloWorld.xcdatamodeld */ = {
			isa = XCVersionGroup;
			children = (
				F81BCDC423EA9FC8009891E5 /* HelloWorld.xcdatamodel */,
			);
			currentVersion = F81BCDC423EA9FC8009891E5 /* HelloWorld.xcdatamodel */;
			path = HelloWorld.xcdatamodeld;
			sourceTree = "<group>";
			versionGroupType = wrapper.xcdatamodel;
		};
/* End XCVersionGroup section */
	};
	rootObject = F81BCDAF23EA9FC8009891E5 /* Project object */;
}
